
Microsoft Visual Studio Solution File, Format Version 12.00
# Visual Studio Version 16
VisualStudioVersion = 16.0.30002.166
MinimumVisualStudioVersion = 10.0.40219.1
Project("{9A19103F-16F7-4668-BE54-9A1E7A4F7556}") = "RPI_Software", "RPI_Software\RPI_Software.csproj", "{8F478B04-EB5E-401E-9433-54AF28FB6D1A}"
EndProject
Project("{9A19103F-16F7-4668-BE54-9A1E7A4F7556}") = "DataLayer", "DataLayer\DataLayer.csproj", "{5BC0299F-181C-4B04-A185-6A0990526826}"
EndProject
Project("{9A19103F-16F7-4668-BE54-9A1E7A4F7556}") = "DTO", "DTO\DTO.csproj", "{E8038A0B-8C2F-41AE-9984-67F2E2DA0452}"
EndProject
Project("{9A19103F-16F7-4668-BE54-9A1E7A4F7556}") = "LogicLayer", "ControllerLayer\LogicLayer.csproj", "{9C623B33-F5B6-4C54-A584-96737D5DEA9D}"
EndProject
Global
	GlobalSection(SolutionConfigurationPlatforms) = preSolution
		Debug|Any CPU = Debug|Any CPU
		Release|Any CPU = Release|Any CPU
	EndGlobalSection
	GlobalSection(ProjectConfigurationPlatforms) = postSolution
		{8F478B04-EB5E-401E-9433-54AF28FB6D1A}.Debug|Any CPU.ActiveCfg = Debug|Any CPU
		{8F478B04-EB5E-401E-9433-54AF28FB6D1A}.Debug|Any CPU.Build.0 = Debug|Any CPU
		{8F478B04-EB5E-401E-9433-54AF28FB6D1A}.Release|Any CPU.ActiveCfg = Release|Any CPU
		{8F478B04-EB5E-401E-9433-54AF28FB6D1A}.Release|Any CPU.Build.0 = Release|Any CPU
		{5BC0299F-181C-4B04-A185-6A0990526826}.Debug|Any CPU.ActiveCfg = Debug|Any CPU
		{5BC0299F-181C-4B04-A185-6A0990526826}.Debug|Any CPU.Build.0 = Debug|Any CPU
		{5BC0299F-181C-4B04-A185-6A0990526826}.Release|Any CPU.ActiveCfg = Release|Any CPU
		{5BC0299F-181C-4B04-A185-6A0990526826}.Release|Any CPU.Build.0 = Release|Any CPU
		{E8038A0B-8C2F-41AE-9984-67F2E2DA0452}.Debug|Any CPU.ActiveCfg = Debug|Any CPU
		{E8038A0B-8C2F-41AE-9984-67F2E2DA0452}.Debug|Any CPU.Build.0 = Debug|Any CPU
		{E8038A0B-8C2F-41AE-9984-67F2E2DA0452}.Release|Any CPU.ActiveCfg = Release|Any CPU
		{E8038A0B-8C2F-41AE-9984-67F2E2DA0452}.Release|Any CPU.Build.0 = Release|Any CPU
		{9C623B33-F5B6-4C54-A584-96737D5DEA9D}.Debug|Any CPU.ActiveCfg = Debug|Any CPU
		{9C623B33-F5B6-4C54-A584-96737D5DEA9D}.Debug|Any CPU.Build.0 = Debug|Any CPU
		{9C623B33-F5B6-4C54-A584-96737D5DEA9D}.Release|Any CPU.ActiveCfg = Release|Any CPU
		{9C623B33-F5B6-4C54-A584-96737D5DEA9D}.Release|Any CPU.Build.0 = Release|Any CPU
	EndGlobalSection
	GlobalSection(SolutionProperties) = preSolution
		HideSolutionNode = FALSE
	EndGlobalSection
	GlobalSection(ExtensibilityGlobals) = postSolution
		SolutionGuid = {088124E4-1849-4567-9527-8BCF4A51AFE2}
	EndGlobalSection
EndGlobal
